
Microsoft Visual Studio Solution File, Format Version 12.00
# Visual Studio Version 18
VisualStudioVersion = 18.1.11304.174 d18.0
MinimumVisualStudioVersion = 10.0.40219.1
Project("{FAE04EC0-301F-11D3-BF4B-00C04F79EFBC}") = "EquipmentAccounting", "PractCS\EquipmentAccounting.csproj", "{ECEDAA6E-0C71-4F31-BCAF-9796281ED3E0}"
EndProject
Global
	GlobalSection(SolutionConfigurationPlatforms) = preSolution
		Debug|Any CPU = Debug|Any CPU
		Release|Any CPU = Release|Any CPU
	EndGlobalSection
	GlobalSection(ProjectConfigurationPlatforms) = postSolution
		{ECEDAA6E-0C71-4F31-BCAF-9796281ED3E0}.Debug|Any CPU.ActiveCfg = Debug|Any CPU
		{ECEDAA6E-0C71-4F31-BCAF-9796281ED3E0}.Debug|Any CPU.Build.0 = Debug|Any CPU
		{ECEDAA6E-0C71-4F31-BCAF-9796281ED3E0}.Release|Any CPU.ActiveCfg = Release|Any CPU
		{ECEDAA6E-0C71-4F31-BCAF-9796281ED3E0}.Release|Any CPU.Build.0 = Release|Any CPU
	EndGlobalSection
	GlobalSection(SolutionProperties) = preSolution
		HideSolutionNode = FALSE
	EndGlobalSection
	GlobalSection(ExtensibilityGlobals) = postSolution
		SolutionGuid = {CC4ED19D-45D2-4478-B7C9-AF070FD9D69B}
	EndGlobalSection
EndGlobal
